{
  "name": "yash-dubai-landing-page",
  "version": "1.0.0",
  "lockfileVersion": 2,
  "requires": true,
  "packages": {
    "": {
      "name": "yash-dubai-landing-page",
      "version": "1.0.0",
      "dependencies": {
        "@vercel/kv": "^1.0.1"
      }
    },
    "node_modules/@upstash/redis": {
      "version": "1.25.1",
      "resolved": "https://registry.npmjs.org/@upstash/redis/-/redis-1.25.1.tgz",
      "integrity": "sha512-ACj0GhJ4qrQyBshwFgPod6XufVEfKX2wcaihsEvSdLYnY+m+pa13kGt1RXm/yTHKf4TQi/Dy2A8z/y6WUEOmlg==",
      "dependencies": {
        "crypto-js": "^4.2.0"
      }
    },
    "node_modules/@vercel/kv": {
      "version": "1.0.1",
      "resolved": "https://registry.npmjs.org/@vercel/kv/-/kv-1.0.1.tgz",
      "integrity": "sha512-uTKddsqVYS2GRAM/QMNNXCTuw9N742mLoGRXoNDcyECaxEXvIHG0dEY+ZnYISV4Vz534VwJO+64fd9XeSggSKw==",
      "deprecated": "Vercel KV is deprecated. If you had an existing KV store, it should have moved to Upstash Redis which you will see under Vercel Integrations. For new projects, install a Redis integration from Vercel Marketplace: https://vercel.com/marketplace?category=storage&search=redis",
      "dependencies": {
        "@upstash/redis": "1.25.1"
      },
      "engines": {
        "node": ">=14.6"
      }
    },
    "node_modules/crypto-js": {
      "version": "4.2.0",
      "resolved": "https://registry.npmjs.org/crypto-js/-/crypto-js-4.2.0.tgz",
      "integrity": "sha512-KALDyEYgpY+Rlob/iriUtjV6d5Eq+Y191A5g4UqLAi8CyGP9N1+FdVbkc1SxKc2r4YAYqG8JzO2KGL+AizD70Q=="
    }
  },
  "dependencies": {
    "@upstash/redis": {
      "version": "1.25.1",
      "resolved": "https://registry.npmjs.org/@upstash/redis/-/redis-1.25.1.tgz",
      "integrity": "sha512-ACj0GhJ4qrQyBshwFgPod6XufVEfKX2wcaihsEvSdLYnY+m+pa13kGt1RXm/yTHKf4TQi/Dy2A8z/y6WUEOmlg==",
      "requires": {
        "crypto-js": "^4.2.0"
      }
    },
    "@vercel/kv": {
      "version": "1.0.1",
      "resolved": "https://registry.npmjs.org/@vercel/kv/-/kv-1.0.1.tgz",
      "integrity": "sha512-uTKddsqVYS2GRAM/QMNNXCTuw9N742mLoGRXoNDcyECaxEXvIHG0dEY+ZnYISV4Vz534VwJO+64fd9XeSggSKw==",
      "requires": {
        "@upstash/redis": "1.25.1"
      }
    },
    "crypto-js": {
      "version": "4.2.0",
      "resolved": "https://registry.npmjs.org/crypto-js/-/crypto-js-4.2.0.tgz",
      "integrity": "sha512-KALDyEYgpY+Rlob/iriUtjV6d5Eq+Y191A5g4UqLAi8CyGP9N1+FdVbkc1SxKc2r4YAYqG8JzO2KGL+AizD70Q=="
    }
  }
}
